
Microsoft Visual Studio Solution File, Format Version 12.00
# Visual Studio Version 16
VisualStudioVersion = 16.0.31313.79
MinimumVisualStudioVersion = 10.0.40219.1
Project("{FAE04EC0-301F-11D3-BF4B-00C04F79EFBC}") = "AzureStorageFiles", "AzureStorageFiles\AzureStorageFiles.csproj", "{EF5F69CA-21EC-4A7E-894D-1922650D4A23}"
EndProject
Global
	GlobalSection(SolutionConfigurationPlatforms) = preSolution
		Debug|Any CPU = Debug|Any CPU
		Release|Any CPU = Release|Any CPU
	EndGlobalSection
	GlobalSection(ProjectConfigurationPlatforms) = postSolution
		{EF5F69CA-21EC-4A7E-894D-1922650D4A23}.Debug|Any CPU.ActiveCfg = Debug|Any CPU
		{EF5F69CA-21EC-4A7E-894D-1922650D4A23}.Debug|Any CPU.Build.0 = Debug|Any CPU
		{EF5F69CA-21EC-4A7E-894D-1922650D4A23}.Release|Any CPU.ActiveCfg = Release|Any CPU
		{EF5F69CA-21EC-4A7E-894D-1922650D4A23}.Release|Any CPU.Build.0 = Release|Any CPU
	EndGlobalSection
	GlobalSection(SolutionProperties) = preSolution
		HideSolutionNode = FALSE
	EndGlobalSection
	GlobalSection(ExtensibilityGlobals) = postSolution
		SolutionGuid = {A83A5C93-5F3D-4C4A-9D85-38D9B73F4FFB}
	EndGlobalSection
EndGlobal
